// !$*UTF8*$!
{
	archiveVersion = 1;
	classes = {};
	objectVersion = 56;
	objects = {
		90A14D00816B442924CF0989 = { isa = PBXFileReference; lastKnownFileType = sourcecode.swift; path = "ClassFlow/App/AppEnvironment.swift"; sourceTree = SOURCE_ROOT; };
		348EC5449F9F7C3AD3C4F7AC = { isa = PBXBuildFile; fileRef = 90A14D00816B442924CF0989; };
		A45F80D0183E1AA39AADCC9B = { isa = PBXFileReference; lastKnownFileType = sourcecode.swift; path = "ClassFlow/App/ClassFlowApp.swift"; sourceTree = SOURCE_ROOT; };
		7E602D3D7AB79944C8BF930E = { isa = PBXBuildFile; fileRef = A45F80D0183E1AA39AADCC9B; };
		3ACAD6E816C280372CF3C3C3 = { isa = PBXFileReference; lastKnownFileType = sourcecode.swift; path = "ClassFlow/App/ClassFlowRootView.swift"; sourceTree = SOURCE_ROOT; };
		5E68AD8253C179E1D172D311 = { isa = PBXBuildFile; fileRef = 3ACAD6E816C280372CF3C3C3; };
		E18D9FE419A3F78CF9DCE855 = { isa = PBXFileReference; lastKnownFileType = sourcecode.swift; path = "ClassFlow/Components/CourseEditorComponents.swift"; sourceTree = SOURCE_ROOT; };
		C5FE15C8F3E137AEF8B2DD93 = { isa = PBXBuildFile; fileRef = E18D9FE419A3F78CF9DCE855; };
		BD95E5C922CCE595E9566DB7 = { isa = PBXFileReference; lastKnownFileType = sourcecode.swift; path = "ClassFlow/Components/DraftDismissGuard.swift"; sourceTree = SOURCE_ROOT; };
		A7C7ED7F1578DA5FFD4DF318 = { isa = PBXBuildFile; fileRef = BD95E5C922CCE595E9566DB7; };
		D032E5F59A14E0C7D4297CB6 = { isa = PBXFileReference; lastKnownFileType = sourcecode.swift; path = "ClassFlow/Components/ReplacementWeekdaySheet.swift"; sourceTree = SOURCE_ROOT; };
		2293AC339ABA17B333974414 = { isa = PBXBuildFile; fileRef = D032E5F59A14E0C7D4297CB6; };
		1FE11CA6BCDD5CA96A35D6B5 = { isa = PBXFileReference; lastKnownFileType = sourcecode.swift; path = "ClassFlow/Components/TodayStyle.swift"; sourceTree = SOURCE_ROOT; };
		C93CEB52A4BA6927D55FAA0E = { isa = PBXBuildFile; fileRef = 1FE11CA6BCDD5CA96A35D6B5; };
		CA261A3EAD25AB85DF09F5EF = { isa = PBXFileReference; lastKnownFileType = sourcecode.swift; path = "ClassFlow/Components/WeekScheduleStyle.swift"; sourceTree = SOURCE_ROOT; };
		BF0FBC411531F562C953A1C4 = { isa = PBXBuildFile; fileRef = CA261A3EAD25AB85DF09F5EF; };
		3255DFF7BFADD83C9F53CEC2 = { isa = PBXFileReference; lastKnownFileType = sourcecode.swift; path = "ClassFlow/DesignSystem/AppColors.swift"; sourceTree = SOURCE_ROOT; };
		84D5BA9BD5239EC1EAA44A25 = { isa = PBXBuildFile; fileRef = 3255DFF7BFADD83C9F53CEC2; };
		4E1563551F240D773FD1070F = { isa = PBXFileReference; lastKnownFileType = sourcecode.swift; path = "ClassFlow/DesignSystem/AppComponents.swift"; sourceTree = SOURCE_ROOT; };
		B65EF33FCF14681CFAA0561C = { isa = PBXBuildFile; fileRef = 4E1563551F240D773FD1070F; };
		B75E6663AAD2088F1A15E85C = { isa = PBXFileReference; lastKnownFileType = sourcecode.swift; path = "ClassFlow/DesignSystem/AppHaptics.swift"; sourceTree = SOURCE_ROOT; };
		54087A9DBCBF9967D5589664 = { isa = PBXBuildFile; fileRef = B75E6663AAD2088F1A15E85C; };
		C5B72FF17131136C9240F71D = { isa = PBXFileReference; lastKnownFileType = sourcecode.swift; path = "ClassFlow/DesignSystem/AppMotion.swift"; sourceTree = SOURCE_ROOT; };
		14E2291E4BEA61167C298885 = { isa = PBXBuildFile; fileRef = C5B72FF17131136C9240F71D; };
		E9E715C4A90F93631A8E854A = { isa = PBXFileReference; lastKnownFileType = sourcecode.swift; path = "ClassFlow/DesignSystem/AppRadius.swift"; sourceTree = SOURCE_ROOT; };
		2ACB864D74B2DDA48ADB4355 = { isa = PBXBuildFile; fileRef = E9E715C4A90F93631A8E854A; };
		66955D0464877CE761B0D759 = { isa = PBXFileReference; lastKnownFileType = sourcecode.swift; path = "ClassFlow/DesignSystem/AppSpacing.swift"; sourceTree = SOURCE_ROOT; };
		78D79EEC129B66A00A1D6494 = { isa = PBXBuildFile; fileRef = 66955D0464877CE761B0D759; };
		91E536E47C70488AA4480701 = { isa = PBXFileReference; lastKnownFileType = sourcecode.swift; path = "ClassFlow/DesignSystem/AppTypography.swift"; sourceTree = SOURCE_ROOT; };
		1AE204B47B139D1D84663C20 = { isa = PBXBuildFile; fileRef = 91E536E47C70488AA4480701; };
		6F7B7DE7E4CDB2C4931062F8 = { isa = PBXFileReference; lastKnownFileType = sourcecode.swift; path = "ClassFlow/DesignSystem/DesignSystemPreviews.swift"; sourceTree = SOURCE_ROOT; };
		0BA0EE993BEE86572BB42161 = { isa = PBXBuildFile; fileRef = 6F7B7DE7E4CDB2C4931062F8; };
		1D4D8E58FE915232AAE688BD = { isa = PBXFileReference; lastKnownFileType = sourcecode.swift; path = "ClassFlow/Models/ClassTimeSlot.swift"; sourceTree = SOURCE_ROOT; };
		EC3B289F67BD9F9654CFACDF = { isa = PBXBuildFile; fileRef = 1D4D8E58FE915232AAE688BD; };
		D5B170C160C996764EF7A01E = { isa = PBXFileReference; lastKnownFileType = sourcecode.swift; path = "ClassFlow/Models/Course.swift"; sourceTree = SOURCE_ROOT; };
		6992A4BFF774A9EE41B8F666 = { isa = PBXBuildFile; fileRef = D5B170C160C996764EF7A01E; };
		F4676594DD9A0A89EAEB94E7 = { isa = PBXFileReference; lastKnownFileType = sourcecode.swift; path = "ClassFlow/Models/CourseSchedule.swift"; sourceTree = SOURCE_ROOT; };
		8267EF63DF77457FE993C699 = { isa = PBXBuildFile; fileRef = F4676594DD9A0A89EAEB94E7; };
		87DC686C47C0B51C7844BE10 = { isa = PBXFileReference; lastKnownFileType = sourcecode.swift; path = "ClassFlow/Models/ScheduleOverride.swift"; sourceTree = SOURCE_ROOT; };
		2821DB7AC54AA6A968F35052 = { isa = PBXBuildFile; fileRef = 87DC686C47C0B51C7844BE10; };
		19002ED088144C4854B3E7A8 = { isa = PBXFileReference; lastKnownFileType = sourcecode.swift; path = "ClassFlow/Models/Semester.swift"; sourceTree = SOURCE_ROOT; };
		8144B0A86D700D7E69DFFB69 = { isa = PBXBuildFile; fileRef = 19002ED088144C4854B3E7A8; };
		985B9A63BA3BDA1BE91809C2 = { isa = PBXFileReference; lastKnownFileType = sourcecode.swift; path = "ClassFlow/Services/Calendar/CalendarSelectionStore.swift"; sourceTree = SOURCE_ROOT; };
		DB6203ED6CF4CB9AC6AF4998 = { isa = PBXBuildFile; fileRef = 985B9A63BA3BDA1BE91809C2; };
		EDC0064C7EC6FBF6D377A414 = { isa = PBXFileReference; lastKnownFileType = sourcecode.swift; path = "ClassFlow/Services/Calendar/CalendarService.swift"; sourceTree = SOURCE_ROOT; };
		5615C24DD99DF9FFF8F25EBE = { isa = PBXBuildFile; fileRef = EDC0064C7EC6FBF6D377A414; };
		BF09963A78DFF2BD2EB0C37D = { isa = PBXFileReference; lastKnownFileType = sourcecode.swift; path = "ClassFlow/Services/Calendar/CalendarSyncService.swift"; sourceTree = SOURCE_ROOT; };
		2990A144A5A0FCFC3752C1FC = { isa = PBXBuildFile; fileRef = BF09963A78DFF2BD2EB0C37D; };
		C29BFE8646A3B14BECB9F74C = { isa = PBXFileReference; lastKnownFileType = sourcecode.swift; path = "ClassFlow/Services/Courses/CourseRepository.swift"; sourceTree = SOURCE_ROOT; };
		CCABD3808012F596765517DE = { isa = PBXBuildFile; fileRef = C29BFE8646A3B14BECB9F74C; };
		9B9D2A60E89F7504DF3E3EB6 = { isa = PBXFileReference; lastKnownFileType = sourcecode.swift; path = "ClassFlow/Services/Courses/CoursesViewModel.swift"; sourceTree = SOURCE_ROOT; };
		1CF9389EF8A029073038768B = { isa = PBXBuildFile; fileRef = 9B9D2A60E89F7504DF3E3EB6; };
		40A226DA6F55C29F93FC6370 = { isa = PBXFileReference; lastKnownFileType = sourcecode.swift; path = "ClassFlow/Services/Persistence/OverrideRepository.swift"; sourceTree = SOURCE_ROOT; };
		10B85C7347CE6A9B42D36840 = { isa = PBXBuildFile; fileRef = 40A226DA6F55C29F93FC6370; };
		C0E63AC85EDED18152E8505E = { isa = PBXFileReference; lastKnownFileType = sourcecode.swift; path = "ClassFlow/Services/Persistence/PersistenceController.swift"; sourceTree = SOURCE_ROOT; };
		514F5461CB45FE9472CE24C3 = { isa = PBXBuildFile; fileRef = C0E63AC85EDED18152E8505E; };
		47224CBF2EC1ECABFFC5B25C = { isa = PBXFileReference; lastKnownFileType = sourcecode.swift; path = "ClassFlow/Services/Persistence/SemesterRepository.swift"; sourceTree = SOURCE_ROOT; };
		1CDBDED656B027CE4FE8E587 = { isa = PBXBuildFile; fileRef = 47224CBF2EC1ECABFFC5B25C; };
		F816AAB6C9756822CB190798 = { isa = PBXFileReference; lastKnownFileType = sourcecode.swift; path = "ClassFlow/Services/Schedule/ScheduleOverrideService.swift"; sourceTree = SOURCE_ROOT; };
		64BA06C351B48E065E31AC32 = { isa = PBXBuildFile; fileRef = F816AAB6C9756822CB190798; };
		5F8EFBD73C8893BE36F474A5 = { isa = PBXFileReference; lastKnownFileType = sourcecode.swift; path = "ClassFlow/Services/Schedule/ScheduleService.swift"; sourceTree = SOURCE_ROOT; };
		514C636B2798EA68D0F8D03B = { isa = PBXBuildFile; fileRef = 5F8EFBD73C8893BE36F474A5; };
		541BC57EF2DF7EB74D39F231 = { isa = PBXFileReference; lastKnownFileType = sourcecode.swift; path = "ClassFlow/Services/Today/TodayViewModel.swift"; sourceTree = SOURCE_ROOT; };
		AF36E65A5BC262C8B975788A = { isa = PBXBuildFile; fileRef = 541BC57EF2DF7EB74D39F231; };
		74E2E1543C801AA47EE23347 = { isa = PBXFileReference; lastKnownFileType = sourcecode.swift; path = "ClassFlow/Services/Week/WeekSchedulePreviewData.swift"; sourceTree = SOURCE_ROOT; };
		D1255485AE1E777741B0657E = { isa = PBXBuildFile; fileRef = 74E2E1543C801AA47EE23347; };
		2A71153BF045EE46F5BE14A4 = { isa = PBXFileReference; lastKnownFileType = sourcecode.swift; path = "ClassFlow/Services/Week/WeekScheduleService.swift"; sourceTree = SOURCE_ROOT; };
		2CA30A593EC82F8DA4BFC9A0 = { isa = PBXBuildFile; fileRef = 2A71153BF045EE46F5BE14A4; };
		79D13B065943A6F64E079B12 = { isa = PBXFileReference; lastKnownFileType = sourcecode.swift; path = "ClassFlow/Services/Week/WeekScheduleViewModel.swift"; sourceTree = SOURCE_ROOT; };
		FFE9A29D12E1AD85C592A85C = { isa = PBXBuildFile; fileRef = 79D13B065943A6F64E079B12; };
		9F30007FE8AC5406239AD5AF = { isa = PBXFileReference; lastKnownFileType = sourcecode.swift; path = "ClassFlow/Views/Courses/CourseConflictSheet.swift"; sourceTree = SOURCE_ROOT; };
		C30558EB9815CA4CF7AC32B4 = { isa = PBXBuildFile; fileRef = 9F30007FE8AC5406239AD5AF; };
		96B0E369F98E2DA2FEF3529F = { isa = PBXFileReference; lastKnownFileType = sourcecode.swift; path = "ClassFlow/Views/Courses/CourseEditor.swift"; sourceTree = SOURCE_ROOT; };
		783271C683DE2081D756A50C = { isa = PBXBuildFile; fileRef = 96B0E369F98E2DA2FEF3529F; };
		274A89914E2331C27D2F477A = { isa = PBXFileReference; lastKnownFileType = sourcecode.swift; path = "ClassFlow/Views/Courses/CourseManagementDetail.swift"; sourceTree = SOURCE_ROOT; };
		E3A3521580C1DD7F162171D5 = { isa = PBXBuildFile; fileRef = 274A89914E2331C27D2F477A; };
		22F7C85E81E81A4683C9469E = { isa = PBXFileReference; lastKnownFileType = sourcecode.swift; path = "ClassFlow/Views/Courses/CourseScheduleEditor.swift"; sourceTree = SOURCE_ROOT; };
		348A19AE476927EAF64FA09F = { isa = PBXBuildFile; fileRef = 22F7C85E81E81A4683C9469E; };
		A9C0000C56878096BD907B6C = { isa = PBXFileReference; lastKnownFileType = sourcecode.swift; path = "ClassFlow/Views/Courses/CoursesPreviewData.swift"; sourceTree = SOURCE_ROOT; };
		1D13DDE7018CE5B7E5FC014D = { isa = PBXBuildFile; fileRef = A9C0000C56878096BD907B6C; };
		88E882C31F68E1B54FC005BD = { isa = PBXFileReference; lastKnownFileType = sourcecode.swift; path = "ClassFlow/Views/Courses/CoursesView.swift"; sourceTree = SOURCE_ROOT; };
		7FA20540A8A9DD658DC26753 = { isa = PBXBuildFile; fileRef = 88E882C31F68E1B54FC005BD; };
		44923BACCB74477CCD955F18 = { isa = PBXFileReference; lastKnownFileType = sourcecode.swift; path = "ClassFlow/Views/Courses/TimeSlotEditor.swift"; sourceTree = SOURCE_ROOT; };
		909D6AA80DEE6B88684E83D6 = { isa = PBXBuildFile; fileRef = 44923BACCB74477CCD955F18; };
		C729750AF7696B337063D01B = { isa = PBXFileReference; lastKnownFileType = sourcecode.swift; path = "ClassFlow/Views/Courses/WeekSelector.swift"; sourceTree = SOURCE_ROOT; };
		D146BE51A80344A948CC6DAB = { isa = PBXBuildFile; fileRef = C729750AF7696B337063D01B; };
		5C8164B8BF3297101EE4AEA4 = { isa = PBXFileReference; lastKnownFileType = sourcecode.swift; path = "ClassFlow/Views/Schedule/WeekAccessibleAgenda.swift"; sourceTree = SOURCE_ROOT; };
		CEB9D6ACEE92A1E9BE74DD18 = { isa = PBXBuildFile; fileRef = 5C8164B8BF3297101EE4AEA4; };
		3040D39D189411AC8959C92E = { isa = PBXFileReference; lastKnownFileType = sourcecode.swift; path = "ClassFlow/Views/Schedule/WeekCourseViews.swift"; sourceTree = SOURCE_ROOT; };
		B1BD68662A2F922DBC1EE7A4 = { isa = PBXBuildFile; fileRef = 3040D39D189411AC8959C92E; };
		7017563A127726E7B9033680 = { isa = PBXFileReference; lastKnownFileType = sourcecode.swift; path = "ClassFlow/Views/Schedule/WeekSchedulePageView.swift"; sourceTree = SOURCE_ROOT; };
		20A8DECDEF37F671DAC55A14 = { isa = PBXBuildFile; fileRef = 7017563A127726E7B9033680; };
		8181B8228CC1734C1A7DCFD0 = { isa = PBXFileReference; lastKnownFileType = sourcecode.swift; path = "ClassFlow/Views/Schedule/WeekSchedulePreviews.swift"; sourceTree = SOURCE_ROOT; };
		D05D095702EC02C281A7511B = { isa = PBXBuildFile; fileRef = 8181B8228CC1734C1A7DCFD0; };
		392A8410527A51C117A81A55 = { isa = PBXFileReference; lastKnownFileType = sourcecode.swift; path = "ClassFlow/Views/Schedule/WeekScheduleView.swift"; sourceTree = SOURCE_ROOT; };
		E43FB1D4BB2E482CC2F812E6 = { isa = PBXBuildFile; fileRef = 392A8410527A51C117A81A55; };
		F480A157B86B483442D359CE = { isa = PBXFileReference; lastKnownFileType = sourcecode.swift; path = "ClassFlow/Views/Today/TodayCourseViews.swift"; sourceTree = SOURCE_ROOT; };
		A1B03BB2F05EB70482029808 = { isa = PBXBuildFile; fileRef = F480A157B86B483442D359CE; };
		305212BE335CAE2D89BA1951 = { isa = PBXFileReference; lastKnownFileType = sourcecode.swift; path = "ClassFlow/Views/Today/TodayPageView.swift"; sourceTree = SOURCE_ROOT; };
		D55AF8DB8B0CE4A0D255CBB1 = { isa = PBXBuildFile; fileRef = 305212BE335CAE2D89BA1951; };
		34778A8EEEC1B1887933A37E = { isa = PBXFileReference; lastKnownFileType = sourcecode.swift; path = "ClassFlow/Views/Today/TodayPreviewData.swift"; sourceTree = SOURCE_ROOT; };
		6E003E62BF11AC66E6F5F501 = { isa = PBXBuildFile; fileRef = 34778A8EEEC1B1887933A37E; };
		DC7D971F154802939A0B02BA = { isa = PBXFileReference; lastKnownFileType = sourcecode.swift; path = "ClassFlow/Views/Today/TodayView.swift"; sourceTree = SOURCE_ROOT; };
		281B586FA2BD7EA9E125C01E = { isa = PBXBuildFile; fileRef = DC7D971F154802939A0B02BA; };
		647F22983932505F8226C46F = { isa = PBXGroup; name = Sources; children = (90A14D00816B442924CF0989, A45F80D0183E1AA39AADCC9B, 3ACAD6E816C280372CF3C3C3, E18D9FE419A3F78CF9DCE855, BD95E5C922CCE595E9566DB7, D032E5F59A14E0C7D4297CB6, 1FE11CA6BCDD5CA96A35D6B5, CA261A3EAD25AB85DF09F5EF, 3255DFF7BFADD83C9F53CEC2, 4E1563551F240D773FD1070F, B75E6663AAD2088F1A15E85C, C5B72FF17131136C9240F71D, E9E715C4A90F93631A8E854A, 66955D0464877CE761B0D759, 91E536E47C70488AA4480701, 6F7B7DE7E4CDB2C4931062F8, 1D4D8E58FE915232AAE688BD, D5B170C160C996764EF7A01E, F4676594DD9A0A89EAEB94E7, 87DC686C47C0B51C7844BE10, 19002ED088144C4854B3E7A8, 985B9A63BA3BDA1BE91809C2, EDC0064C7EC6FBF6D377A414, BF09963A78DFF2BD2EB0C37D, C29BFE8646A3B14BECB9F74C, 9B9D2A60E89F7504DF3E3EB6, 40A226DA6F55C29F93FC6370, C0E63AC85EDED18152E8505E, 47224CBF2EC1ECABFFC5B25C, F816AAB6C9756822CB190798, 5F8EFBD73C8893BE36F474A5, 541BC57EF2DF7EB74D39F231, 74E2E1543C801AA47EE23347, 2A71153BF045EE46F5BE14A4, 79D13B065943A6F64E079B12, 9F30007FE8AC5406239AD5AF, 96B0E369F98E2DA2FEF3529F, 274A89914E2331C27D2F477A, 22F7C85E81E81A4683C9469E, A9C0000C56878096BD907B6C, 88E882C31F68E1B54FC005BD, 44923BACCB74477CCD955F18, C729750AF7696B337063D01B, 5C8164B8BF3297101EE4AEA4, 3040D39D189411AC8959C92E, 7017563A127726E7B9033680, 8181B8228CC1734C1A7DCFD0, 392A8410527A51C117A81A55, F480A157B86B483442D359CE, 305212BE335CAE2D89BA1951, 34778A8EEEC1B1887933A37E, DC7D971F154802939A0B02BA); sourceTree = "<group>"; };
		4600CBA762F5907D67E8B2E9 = { isa = PBXFileReference; lastKnownFileType = sourcecode.swift; path = "Tests/CoreTests/AcademicCalendarTests.swift"; sourceTree = SOURCE_ROOT; };
		69127D5D2F5B8571462C729C = { isa = PBXBuildFile; fileRef = 4600CBA762F5907D67E8B2E9; };
		B601C68EF88E78EC75A13094 = { isa = PBXFileReference; lastKnownFileType = sourcecode.swift; path = "Tests/CoreTests/CalendarEventParserTests.swift"; sourceTree = SOURCE_ROOT; };
		A65B50ABC73E6CEAA1D78A6F = { isa = PBXBuildFile; fileRef = B601C68EF88E78EC75A13094; };
		25EB7E6E9003325AA879A98D = { isa = PBXFileReference; lastKnownFileType = sourcecode.swift; path = "Tests/CoreTests/CourseEditingTests.swift"; sourceTree = SOURCE_ROOT; };
		A497ADDD3EBC5172234B68DC = { isa = PBXBuildFile; fileRef = 25EB7E6E9003325AA879A98D; };
		B95D66B79F5756C9FB44B3A7 = { isa = PBXFileReference; lastKnownFileType = sourcecode.swift; path = "Tests/CoreTests/CourseLayoutEngineTests.swift"; sourceTree = SOURCE_ROOT; };
		483BB1078AE6CB47632588F8 = { isa = PBXBuildFile; fileRef = B95D66B79F5756C9FB44B3A7; };
		F6139A64C19FC1C29F93D578 = { isa = PBXFileReference; lastKnownFileType = sourcecode.swift; path = "Tests/CoreTests/Fixtures.swift"; sourceTree = SOURCE_ROOT; };
		683CBB7F95005BD5F1251914 = { isa = PBXBuildFile; fileRef = F6139A64C19FC1C29F93D578; };
		BABA6F7A6F6088469A97FB50 = { isa = PBXFileReference; lastKnownFileType = sourcecode.swift; path = "Tests/CoreTests/LocalDayAndWeeksTests.swift"; sourceTree = SOURCE_ROOT; };
		9C3F4C8840966567D2BF0200 = { isa = PBXBuildFile; fileRef = BABA6F7A6F6088469A97FB50; };
		84A5D719C2C5BD6AC8EE99C6 = { isa = PBXFileReference; lastKnownFileType = sourcecode.swift; path = "Tests/CoreTests/ScheduleResolverTests.swift"; sourceTree = SOURCE_ROOT; };
		6CC2441B14187E64533767ED = { isa = PBXBuildFile; fileRef = 84A5D719C2C5BD6AC8EE99C6; };
		2A57FA5D94E05235CF3F8529 = { isa = PBXFileReference; lastKnownFileType = sourcecode.swift; path = "Tests/CoreTests/TodaySnapshotTests.swift"; sourceTree = SOURCE_ROOT; };
		F653268858686EF1330170B3 = { isa = PBXBuildFile; fileRef = 2A57FA5D94E05235CF3F8529; };
		C362A73F27E6C1E38A77C5F4 = { isa = PBXFileReference; lastKnownFileType = sourcecode.swift; path = "Tests/CoreTests/WeekScheduleSnapshotTests.swift"; sourceTree = SOURCE_ROOT; };
		C8EEFE9335ABC16917E36029 = { isa = PBXBuildFile; fileRef = C362A73F27E6C1E38A77C5F4; };
		CFE2DE65E84701AD9D4AADF3 = { isa = PBXFileReference; lastKnownFileType = sourcecode.swift; path = "Tests/IntegrationTests/CalendarSyncTests.swift"; sourceTree = SOURCE_ROOT; };
		A681501C3CCD7591A78B3624 = { isa = PBXBuildFile; fileRef = CFE2DE65E84701AD9D4AADF3; };
		0F44727A0B9F2390C7BE9E15 = { isa = PBXFileReference; lastKnownFileType = sourcecode.swift; path = "Tests/IntegrationTests/CourseRepositoryTests.swift"; sourceTree = SOURCE_ROOT; };
		6A2C281A7F2F447C72F70F76 = { isa = PBXBuildFile; fileRef = 0F44727A0B9F2390C7BE9E15; };
		5321938B2F8FB9610DC0871B = { isa = PBXFileReference; lastKnownFileType = sourcecode.swift; path = "Tests/IntegrationTests/PersistenceTests.swift"; sourceTree = SOURCE_ROOT; };
		A7B780702CE44B997BDBDA31 = { isa = PBXBuildFile; fileRef = 5321938B2F8FB9610DC0871B; };
		94EB0A33A99332E6D529AD4C = { isa = PBXFileReference; lastKnownFileType = sourcecode.swift; path = "Tests/IntegrationTests/TodayViewModelTests.swift"; sourceTree = SOURCE_ROOT; };
		A157E257F46B797A5B541A47 = { isa = PBXBuildFile; fileRef = 94EB0A33A99332E6D529AD4C; };
		EEF61124C07C8D6623ABAB88 = { isa = PBXFileReference; lastKnownFileType = sourcecode.swift; path = "Tests/IntegrationTests/WeekScheduleViewModelTests.swift"; sourceTree = SOURCE_ROOT; };
		C962E238B8509EE12BF3B423 = { isa = PBXBuildFile; fileRef = EEF61124C07C8D6623ABAB88; };
		6DC4FAD667A85B8567F612FB = { isa = PBXGroup; name = Tests; children = (4600CBA762F5907D67E8B2E9, B601C68EF88E78EC75A13094, 25EB7E6E9003325AA879A98D, B95D66B79F5756C9FB44B3A7, F6139A64C19FC1C29F93D578, BABA6F7A6F6088469A97FB50, 84A5D719C2C5BD6AC8EE99C6, 2A57FA5D94E05235CF3F8529, C362A73F27E6C1E38A77C5F4, CFE2DE65E84701AD9D4AADF3, 0F44727A0B9F2390C7BE9E15, 5321938B2F8FB9610DC0871B, 94EB0A33A99332E6D529AD4C, EEF61124C07C8D6623ABAB88); sourceTree = "<group>"; };
		06271BAF49532C879AA3C58B = { isa = PBXFileReference; lastKnownFileType = text.plist.xml; path = ClassFlow/Resources/Info.plist; sourceTree = SOURCE_ROOT; };
		2B446AD3EB4A1B37485F2DC2 = { isa = PBXFileReference; lastKnownFileType = sourcecode.swift; path = Package.swift; sourceTree = SOURCE_ROOT; };
		763D774377779C412BB71F6F = { isa = PBXFileReference; explicitFileType = wrapper.application; path = ClassFlow.app; sourceTree = BUILT_PRODUCTS_DIR; };
		00444E2C37DD529B70E931A2 = { isa = PBXFileReference; explicitFileType = wrapper.cfbundle; path = ClassFlowTests.xctest; sourceTree = BUILT_PRODUCTS_DIR; };
		0A3E27B8CA818264D75C8D81 = { isa = PBXGroup; name = Products; children = (763D774377779C412BB71F6F, 00444E2C37DD529B70E931A2); sourceTree = "<group>"; };
		0035FE99EA2940F7FA633A58 = { isa = PBXGroup; children = (647F22983932505F8226C46F, 6DC4FAD667A85B8567F612FB, 06271BAF49532C879AA3C58B, 2B446AD3EB4A1B37485F2DC2, 0A3E27B8CA818264D75C8D81); sourceTree = "<group>"; };
		C780BA21F61E4BD87706C2D1 = { isa = XCLocalSwiftPackageReference; relativePath = .; };
		3725CA52D5CAE967E42E9250 = { isa = XCSwiftPackageProductDependency; package = C780BA21F61E4BD87706C2D1; productName = ClassFlowCore; };
		F085C5E0302EC5B907C8D85A = { isa = XCSwiftPackageProductDependency; package = C780BA21F61E4BD87706C2D1; productName = ClassFlowCore; };
		2ECF33268C9C7214ED56E0AA = { isa = PBXBuildFile; productRef = 3725CA52D5CAE967E42E9250; };
		5E2CE2EC8B360D1BC0BCD852 = { isa = PBXBuildFile; productRef = F085C5E0302EC5B907C8D85A; };
		D8AFF257B45D0C513672EC45 = { isa = PBXSourcesBuildPhase; buildActionMask = 2147483647; files = (348EC5449F9F7C3AD3C4F7AC, 7E602D3D7AB79944C8BF930E, 5E68AD8253C179E1D172D311, C5FE15C8F3E137AEF8B2DD93, A7C7ED7F1578DA5FFD4DF318, 2293AC339ABA17B333974414, C93CEB52A4BA6927D55FAA0E, BF0FBC411531F562C953A1C4, 84D5BA9BD5239EC1EAA44A25, B65EF33FCF14681CFAA0561C, 54087A9DBCBF9967D5589664, 14E2291E4BEA61167C298885, 2ACB864D74B2DDA48ADB4355, 78D79EEC129B66A00A1D6494, 1AE204B47B139D1D84663C20, 0BA0EE993BEE86572BB42161, EC3B289F67BD9F9654CFACDF, 6992A4BFF774A9EE41B8F666, 8267EF63DF77457FE993C699, 2821DB7AC54AA6A968F35052, 8144B0A86D700D7E69DFFB69, DB6203ED6CF4CB9AC6AF4998, 5615C24DD99DF9FFF8F25EBE, 2990A144A5A0FCFC3752C1FC, CCABD3808012F596765517DE, 1CF9389EF8A029073038768B, 10B85C7347CE6A9B42D36840, 514F5461CB45FE9472CE24C3, 1CDBDED656B027CE4FE8E587, 64BA06C351B48E065E31AC32, 514C636B2798EA68D0F8D03B, AF36E65A5BC262C8B975788A, D1255485AE1E777741B0657E, 2CA30A593EC82F8DA4BFC9A0, FFE9A29D12E1AD85C592A85C, C30558EB9815CA4CF7AC32B4, 783271C683DE2081D756A50C, E3A3521580C1DD7F162171D5, 348A19AE476927EAF64FA09F, 1D13DDE7018CE5B7E5FC014D, 7FA20540A8A9DD658DC26753, 909D6AA80DEE6B88684E83D6, D146BE51A80344A948CC6DAB, CEB9D6ACEE92A1E9BE74DD18, B1BD68662A2F922DBC1EE7A4, 20A8DECDEF37F671DAC55A14, D05D095702EC02C281A7511B, E43FB1D4BB2E482CC2F812E6, A1B03BB2F05EB70482029808, D55AF8DB8B0CE4A0D255CBB1, 6E003E62BF11AC66E6F5F501, 281B586FA2BD7EA9E125C01E); runOnlyForDeploymentPostprocessing = 0; };
		91024282FFD499F5807DB5BC = { isa = PBXFrameworksBuildPhase; buildActionMask = 2147483647; files = (2ECF33268C9C7214ED56E0AA); runOnlyForDeploymentPostprocessing = 0; };
		DC549ACCB7C726C62ECFD4E2 = { isa = PBXResourcesBuildPhase; buildActionMask = 2147483647; files = (); runOnlyForDeploymentPostprocessing = 0; };
		B2298129A58493C45A5D7D9A = { isa = PBXSourcesBuildPhase; buildActionMask = 2147483647; files = (69127D5D2F5B8571462C729C, A65B50ABC73E6CEAA1D78A6F, A497ADDD3EBC5172234B68DC, 483BB1078AE6CB47632588F8, 683CBB7F95005BD5F1251914, 9C3F4C8840966567D2BF0200, 6CC2441B14187E64533767ED, F653268858686EF1330170B3, C8EEFE9335ABC16917E36029, A681501C3CCD7591A78B3624, 6A2C281A7F2F447C72F70F76, A7B780702CE44B997BDBDA31, A157E257F46B797A5B541A47, C962E238B8509EE12BF3B423); runOnlyForDeploymentPostprocessing = 0; };
		28557525D9B40FEE6754FB60 = { isa = PBXFrameworksBuildPhase; buildActionMask = 2147483647; files = (5E2CE2EC8B360D1BC0BCD852); runOnlyForDeploymentPostprocessing = 0; };
		3F6BC17F79ADBDD97FB52430 = { isa = PBXResourcesBuildPhase; buildActionMask = 2147483647; files = (); runOnlyForDeploymentPostprocessing = 0; };
		1241936D4DD3AAD68FE7BFBD = { isa = PBXContainerItemProxy; containerPortal = 244210E48437B6556980A702; proxyType = 1; remoteGlobalIDString = AC44A5EE06496B21A17CA082; remoteInfo = ClassFlow; };
		F26350DAFE3F19AABFD69AC4 = { isa = PBXTargetDependency; target = AC44A5EE06496B21A17CA082; targetProxy = 1241936D4DD3AAD68FE7BFBD; };
		C42BBD248674FCD84CEABF39 = { isa = XCBuildConfiguration; buildSettings = { IPHONEOS_DEPLOYMENT_TARGET = "17.0"; SDKROOT = "iphoneos"; SWIFT_VERSION = "5.0"; CLANG_ENABLE_MODULES = "YES"; CLANG_ENABLE_OBJC_ARC = "YES"; GCC_C_LANGUAGE_STANDARD = "gnu17"; SWIFT_STRICT_CONCURRENCY = "complete"; ENABLE_USER_SCRIPT_SANDBOXING = "YES"; DEBUG_INFORMATION_FORMAT = "dwarf"; ENABLE_TESTABILITY = "YES"; GCC_OPTIMIZATION_LEVEL = "0"; SWIFT_OPTIMIZATION_LEVEL = "-Onone"; SWIFT_ACTIVE_COMPILATION_CONDITIONS = "DEBUG $(inherited)"; ONLY_ACTIVE_ARCH = "YES"; }; name = Debug; };
		6BCB6E959683105CF0CC44B8 = { isa = XCBuildConfiguration; buildSettings = { IPHONEOS_DEPLOYMENT_TARGET = "17.0"; SDKROOT = "iphoneos"; SWIFT_VERSION = "5.0"; CLANG_ENABLE_MODULES = "YES"; CLANG_ENABLE_OBJC_ARC = "YES"; GCC_C_LANGUAGE_STANDARD = "gnu17"; SWIFT_STRICT_CONCURRENCY = "complete"; ENABLE_USER_SCRIPT_SANDBOXING = "YES"; DEBUG_INFORMATION_FORMAT = "dwarf-with-dsym"; SWIFT_COMPILATION_MODE = "wholemodule"; SWIFT_OPTIMIZATION_LEVEL = "-O"; }; name = Release; };
		7F85DAD73905A7F279903F70 = { isa = XCConfigurationList; buildConfigurations = (C42BBD248674FCD84CEABF39, 6BCB6E959683105CF0CC44B8); defaultConfigurationIsVisible = 0; defaultConfigurationName = Release; };
		535CE1B060E376D93A5AE47F = { isa = XCBuildConfiguration; buildSettings = { CODE_SIGN_STYLE = "Automatic"; CURRENT_PROJECT_VERSION = "1"; MARKETING_VERSION = "0.1.0"; TARGETED_DEVICE_FAMILY = "1"; SUPPORTED_PLATFORMS = "iphoneos iphonesimulator"; SUPPORTS_MACCATALYST = "NO"; PRODUCT_NAME = "$(TARGET_NAME)"; PRODUCT_BUNDLE_IDENTIFIER = "com.classflow.personal"; GENERATE_INFOPLIST_FILE = "NO"; INFOPLIST_FILE = "ClassFlow/Resources/Info.plist"; LD_RUNPATH_SEARCH_PATHS = "$(inherited) @executable_path/Frameworks"; ENABLE_PREVIEWS = "YES"; }; name = Debug; };
		1FE1DE6BADDF393E0BA77855 = { isa = XCBuildConfiguration; buildSettings = { CODE_SIGN_STYLE = "Automatic"; CURRENT_PROJECT_VERSION = "1"; MARKETING_VERSION = "0.1.0"; TARGETED_DEVICE_FAMILY = "1"; SUPPORTED_PLATFORMS = "iphoneos iphonesimulator"; SUPPORTS_MACCATALYST = "NO"; PRODUCT_NAME = "$(TARGET_NAME)"; PRODUCT_BUNDLE_IDENTIFIER = "com.classflow.personal"; GENERATE_INFOPLIST_FILE = "NO"; INFOPLIST_FILE = "ClassFlow/Resources/Info.plist"; LD_RUNPATH_SEARCH_PATHS = "$(inherited) @executable_path/Frameworks"; ENABLE_PREVIEWS = "YES"; }; name = Release; };
		5A9D76C32F5B49975CBB9771 = { isa = XCConfigurationList; buildConfigurations = (535CE1B060E376D93A5AE47F, 1FE1DE6BADDF393E0BA77855); defaultConfigurationIsVisible = 0; defaultConfigurationName = Release; };
		808529936141637D9CDABD55 = { isa = XCBuildConfiguration; buildSettings = { CODE_SIGN_STYLE = "Automatic"; CURRENT_PROJECT_VERSION = "1"; MARKETING_VERSION = "0.1.0"; TARGETED_DEVICE_FAMILY = "1"; SUPPORTED_PLATFORMS = "iphoneos iphonesimulator"; SUPPORTS_MACCATALYST = "NO"; PRODUCT_NAME = "$(TARGET_NAME)"; PRODUCT_BUNDLE_IDENTIFIER = "com.classflow.personal.tests"; GENERATE_INFOPLIST_FILE = "YES"; BUNDLE_LOADER = "$(TEST_HOST)"; TEST_HOST = "$(BUILT_PRODUCTS_DIR)/ClassFlow.app/ClassFlow"; LD_RUNPATH_SEARCH_PATHS = "$(inherited) @executable_path/Frameworks @loader_path/Frameworks"; }; name = Debug; };
		C17666E115E004AFED0753E5 = { isa = XCBuildConfiguration; buildSettings = { CODE_SIGN_STYLE = "Automatic"; CURRENT_PROJECT_VERSION = "1"; MARKETING_VERSION = "0.1.0"; TARGETED_DEVICE_FAMILY = "1"; SUPPORTED_PLATFORMS = "iphoneos iphonesimulator"; SUPPORTS_MACCATALYST = "NO"; PRODUCT_NAME = "$(TARGET_NAME)"; PRODUCT_BUNDLE_IDENTIFIER = "com.classflow.personal.tests"; GENERATE_INFOPLIST_FILE = "YES"; BUNDLE_LOADER = "$(TEST_HOST)"; TEST_HOST = "$(BUILT_PRODUCTS_DIR)/ClassFlow.app/ClassFlow"; LD_RUNPATH_SEARCH_PATHS = "$(inherited) @executable_path/Frameworks @loader_path/Frameworks"; }; name = Release; };
		652A134C7DF46835BC7F1F26 = { isa = XCConfigurationList; buildConfigurations = (808529936141637D9CDABD55, C17666E115E004AFED0753E5); defaultConfigurationIsVisible = 0; defaultConfigurationName = Release; };
		AC44A5EE06496B21A17CA082 = { isa = PBXNativeTarget; buildConfigurationList = 5A9D76C32F5B49975CBB9771; buildPhases = (D8AFF257B45D0C513672EC45, 91024282FFD499F5807DB5BC, DC549ACCB7C726C62ECFD4E2); buildRules = (); dependencies = (); name = ClassFlow; packageProductDependencies = (3725CA52D5CAE967E42E9250); productName = ClassFlow; productReference = 763D774377779C412BB71F6F; productType = "com.apple.product-type.application"; };
		3A0C9CEF9D8F3BC090274361 = { isa = PBXNativeTarget; buildConfigurationList = 652A134C7DF46835BC7F1F26; buildPhases = (B2298129A58493C45A5D7D9A, 28557525D9B40FEE6754FB60, 3F6BC17F79ADBDD97FB52430); buildRules = (); dependencies = (F26350DAFE3F19AABFD69AC4); name = ClassFlowTests; packageProductDependencies = (F085C5E0302EC5B907C8D85A); productName = ClassFlowTests; productReference = 00444E2C37DD529B70E931A2; productType = "com.apple.product-type.bundle.unit-test"; };
		244210E48437B6556980A702 = { isa = PBXProject; attributes = { BuildIndependentTargetsInParallel = YES; LastSwiftUpdateCheck = 1600; LastUpgradeCheck = 1600; TargetAttributes = { AC44A5EE06496B21A17CA082 = { CreatedOnToolsVersion = 16.0; }; 3A0C9CEF9D8F3BC090274361 = { CreatedOnToolsVersion = 16.0; TestTargetID = AC44A5EE06496B21A17CA082; }; }; }; buildConfigurationList = 7F85DAD73905A7F279903F70; compatibilityVersion = "Xcode 14.0"; developmentRegion = zh-Hans; hasScannedForEncodings = 0; knownRegions = ("zh-Hans", en, Base); mainGroup = 0035FE99EA2940F7FA633A58; packageReferences = (C780BA21F61E4BD87706C2D1); productRefGroup = 0A3E27B8CA818264D75C8D81; projectDirPath = ""; projectRoot = ""; targets = (AC44A5EE06496B21A17CA082, 3A0C9CEF9D8F3BC090274361); };
	};
	rootObject = 244210E48437B6556980A702;
}
